
Microsoft Visual Studio Solution File, Format Version 12.00
# Visual Studio Version 17
VisualStudioVersion = 17.6.33801.468
MinimumVisualStudioVersion = 10.0.40219.1
Project("{FAE04EC0-301F-11D3-BF4B-00C04F79EFBC}") = "votes", "votes.csproj", "{D5218339-31CC-443D-B565-658D88955CBC}"
EndProject
Global
	GlobalSection(SolutionConfigurationPlatforms) = preSolution
		Debug|Any CPU = Debug|Any CPU
		Release|Any CPU = Release|Any CPU
	EndGlobalSection
	GlobalSection(ProjectConfigurationPlatforms) = postSolution
		{D5218339-31CC-443D-B565-658D88955CBC}.Debug|Any CPU.ActiveCfg = Debug|Any CPU
		{D5218339-31CC-443D-B565-658D88955CBC}.Debug|Any CPU.Build.0 = Debug|Any CPU
		{D5218339-31CC-443D-B565-658D88955CBC}.Release|Any CPU.ActiveCfg = Release|Any CPU
		{D5218339-31CC-443D-B565-658D88955CBC}.Release|Any CPU.Build.0 = Release|Any CPU
	EndGlobalSection
	GlobalSection(SolutionProperties) = preSolution
		HideSolutionNode = FALSE
	EndGlobalSection
	GlobalSection(ExtensibilityGlobals) = postSolution
		SolutionGuid = {ADF5AF62-711D-45EC-80FE-E0F1CAE37B9D}
	EndGlobalSection
EndGlobal
